
Microsoft Visual Studio Solution File, Format Version 12.00
# Visual Studio 2012
Project("{FAE04EC0-301F-11D3-BF4B-00C04F79EFBC}") = "Gallerie_Labb2_Emil_k", "Gallerie_Labb2_Emil_k\Gallerie_Labb2_Emil_k.csproj", "{A0D638AB-C5BD-49CC-B62F-ADC3A0A285C8}"
EndProject
Global
	GlobalSection(SolutionConfigurationPlatforms) = preSolution
		Debug|Any CPU = Debug|Any CPU
		Release|Any CPU = Release|Any CPU
	EndGlobalSection
	GlobalSection(ProjectConfigurationPlatforms) = postSolution
		{A0D638AB-C5BD-49CC-B62F-ADC3A0A285C8}.Debug|Any CPU.ActiveCfg = Debug|Any CPU
		{A0D638AB-C5BD-49CC-B62F-ADC3A0A285C8}.Debug|Any CPU.Build.0 = Debug|Any CPU
		{A0D638AB-C5BD-49CC-B62F-ADC3A0A285C8}.Release|Any CPU.ActiveCfg = Release|Any CPU
		{A0D638AB-C5BD-49CC-B62F-ADC3A0A285C8}.Release|Any CPU.Build.0 = Release|Any CPU
	EndGlobalSection
	GlobalSection(SolutionProperties) = preSolution
		HideSolutionNode = FALSE
	EndGlobalSection
EndGlobal
